// !$*UTF8*$!
{
	archiveVersion = 1;
	classes = {
	};
	objectVersion = 46;
	objects = {

/* Begin PBXBuildFile section */
		2E2220541AE59FCB007D2E38 /* Launch Screen.xib in Resources */ = {isa = PBXBuildFile; fileRef = 2E2220531AE59FCB007D2E38 /* Launch Screen.xib */; };
		2E2220581AE5B984007D2E38 /* BCN.wav in Resources */ = {isa = PBXBuildFile; fileRef = 2E2220571AE5B984007D2E38 /* BCN.wav */; };
		2E22205E1AE5B9EE007D2E38 /* PleasantTone.wav in Resources */ = {isa = PBXBuildFile; fileRef = 2E22205D1AE5B9EE007D2E38 /* PleasantTone.wav */; };
		2E2220601AE5BA44007D2E38 /* TrainStation.wav in Resources */ = {isa = PBXBuildFile; fileRef = 2E22205F1AE5BA44007D2E38 /* TrainStation.wav */; };
		2E2220621AE5BAD2007D2E38 /* ThatsIt.wav in Resources */ = {isa = PBXBuildFile; fileRef = 2E2220611AE5BAD2007D2E38 /* ThatsIt.wav */; };
		2E2220661AE60B11007D2E38 /* logo-80.png in Resources */ = {isa = PBXBuildFile; fileRef = 2E2220651AE60B11007D2E38 /* logo-80.png */; };
		2E2220691AE60B69007D2E38 /* logo-58.png in Resources */ = {isa = PBXBuildFile; fileRef = 2E2220671AE60B69007D2E38 /* logo-58.png */; };
		2E22206A1AE60B69007D2E38 /* logo-87.png in Resources */ = {isa = PBXBuildFile; fileRef = 2E2220681AE60B69007D2E38 /* logo-87.png */; };
		2E22206F1AE60CD0007D2E38 /* launch2x.png in Resources */ = {isa = PBXBuildFile; fileRef = 2E22206C1AE60CD0007D2E38 /* launch2x.png */; };
		2E2220701AE60CD0007D2E38 /* launchret4.png in Resources */ = {isa = PBXBuildFile; fileRef = 2E22206D1AE60CD0007D2E38 /* launchret4.png */; };
		2E25D6081AE42C2800774220 /* CaptionInputsPageViewController.m in Sources */ = {isa = PBXBuildFile; fileRef = 2E25D6071AE42C2800774220 /* CaptionInputsPageViewController.m */; };
		2E25D60B1AE42E1100774220 /* TableViewController.m in Sources */ = {isa = PBXBuildFile; fileRef = 2E25D60A1AE42E1100774220 /* TableViewController.m */; };
		2E25D60E1AE4A9B200774220 /* DatePickerViewController.m in Sources */ = {isa = PBXBuildFile; fileRef = 2E25D60D1AE4A9B200774220 /* DatePickerViewController.m */; };
		2E3E92F51AE0B8B10048B5E8 /* Crashlytics.framework in Frameworks */ = {isa = PBXBuildFile; fileRef = 2E3E92F31AE0B8B10048B5E8 /* Crashlytics.framework */; };
		2E3E92F61AE0B8B10048B5E8 /* Fabric.framework in Frameworks */ = {isa = PBXBuildFile; fileRef = 2E3E92F41AE0B8B10048B5E8 /* Fabric.framework */; };
		2E3E92F81AE1A7890048B5E8 /* Settings.bundle in Resources */ = {isa = PBXBuildFile; fileRef = 2E3E92F71AE1A7890048B5E8 /* Settings.bundle */; };
		2E6E21071ADC53DB002E9372 /* main.m in Sources */ = {isa = PBXBuildFile; fileRef = 2E6E21061ADC53DB002E9372 /* main.m */; };
		2E6E210A1ADC53DB002E9372 /* AppDelegate.m in Sources */ = {isa = PBXBuildFile; fileRef = 2E6E21091ADC53DB002E9372 /* AppDelegate.m */; };
		2E6E210D1ADC53DB002E9372 /* ViewController.m in Sources */ = {isa = PBXBuildFile; fileRef = 2E6E210C1ADC53DB002E9372 /* ViewController.m */; };
		2E6E21101ADC53DB002E9372 /* Main.storyboard in Resources */ = {isa = PBXBuildFile; fileRef = 2E6E210E1ADC53DB002E9372 /* Main.storyboard */; };
		2E6E21121ADC53DB002E9372 /* Images.xcassets in Resources */ = {isa = PBXBuildFile; fileRef = 2E6E21111ADC53DB002E9372 /* Images.xcassets */; };
		2E6E21211ADC53DB002E9372 /* laterTests.m in Sources */ = {isa = PBXBuildFile; fileRef = 2E6E21201ADC53DB002E9372 /* laterTests.m */; };
		2E6E212B1ADC647B002E9372 /* InstagramKit.plist in Resources */ = {isa = PBXBuildFile; fileRef = 2E6E212A1ADC647B002E9372 /* InstagramKit.plist */; };
		2E6E212E1ADC81C2002E9372 /* SchedulesPostsViewController.m in Sources */ = {isa = PBXBuildFile; fileRef = 2E6E212D1ADC81C2002E9372 /* SchedulesPostsViewController.m */; };
		2E6E21361ADCBB90002E9372 /* CommentEntryViewController.m in Sources */ = {isa = PBXBuildFile; fileRef = 2E6E21351ADCBB90002E9372 /* CommentEntryViewController.m */; };
		2E6E21391ADCC5C4002E9372 /* HashtagTableViewCell.m in Sources */ = {isa = PBXBuildFile; fileRef = 2E6E21381ADCC5C4002E9372 /* HashtagTableViewCell.m */; };
		2E6E213B1ADCDD23002E9372 /* HashtagTableViewCell.xib in Resources */ = {isa = PBXBuildFile; fileRef = 2E6E213A1ADCDD23002E9372 /* HashtagTableViewCell.xib */; };
		2E6E21421ADCFA82002E9372 /* logo.png in Resources */ = {isa = PBXBuildFile; fileRef = 2E6E21411ADCFA82002E9372 /* logo.png */; };
		2E6E21451ADCFB47002E9372 /* logo-120.png in Resources */ = {isa = PBXBuildFile; fileRef = 2E6E21431ADCFB47002E9372 /* logo-120.png */; };
		2E6E21461ADCFB47002E9372 /* logo-180.png in Resources */ = {isa = PBXBuildFile; fileRef = 2E6E21441ADCFB47002E9372 /* logo-180.png */; };
		2E6E214A1ADD85D5002E9372 /* PhotoTableViewCell.m in Sources */ = {isa = PBXBuildFile; fileRef = 2E6E21491ADD85D5002E9372 /* PhotoTableViewCell.m */; };
		2E6E214E1ADECAE4002E9372 /* scheduledPostModel.m in Sources */ = {isa = PBXBuildFile; fileRef = 2E6E214D1ADECAE4002E9372 /* scheduledPostModel.m */; };
		2E6E21511ADED280002E9372 /* PostDBSingleton.m in Sources */ = {isa = PBXBuildFile; fileRef = 2E6E21501ADED280002E9372 /* PostDBSingleton.m */; };
		2E6E21551AE021D0002E9372 /* PostActionsViewController.m in Sources */ = {isa = PBXBuildFile; fileRef = 2E6E21531AE021D0002E9372 /* PostActionsViewController.m */; };
		2E6E21561AE021D0002E9372 /* PostActionsViewController.xib in Resources */ = {isa = PBXBuildFile; fileRef = 2E6E21541AE021D0002E9372 /* PostActionsViewController.xib */; };
		2E6E215B1AE05877002E9372 /* Photos.framework in Frameworks */ = {isa = PBXBuildFile; fileRef = 2E6E215A1AE05877002E9372 /* Photos.framework */; settings = {ATTRIBUTES = (Weak, ); }; };
		B3B515076FDC9057E4D733FF /* libPods-later.a in Frameworks */ = {isa = PBXBuildFile; fileRef = 280A2CEF160E5E026FC034DD /* libPods-later.a */; };
/* End PBXBuildFile section */

/* Begin PBXContainerItemProxy section */
		2E6E211B1ADC53DB002E9372 /* PBXContainerItemProxy */ = {
			isa = PBXContainerItemProxy;
			containerPortal = 2E6E20F91ADC53DB002E9372 /* Project object */;
			proxyType = 1;
			remoteGlobalIDString = 2E6E21001ADC53DB002E9372;
			remoteInfo = later;
		};
/* End PBXContainerItemProxy section */

/* Begin PBXFileReference section */
		1B97193DDF911A4B06A8DDE6 /* Pods-later.debug.xcconfig */ = {isa = PBXFileReference; includeInIndex = 1; lastKnownFileType = text.xcconfig; name = "Pods-later.debug.xcconfig"; path = "Pods/Target Support Files/Pods-later/Pods-later.debug.xcconfig"; sourceTree = "<group>"; };
		25742B44346AC6B5DC0C3481 /* Pods-later.release.xcconfig */ = {isa = PBXFileReference; includeInIndex = 1; lastKnownFileType = text.xcconfig; name = "Pods-later.release.xcconfig"; path = "Pods/Target Support Files/Pods-later/Pods-later.release.xcconfig"; sourceTree = "<group>"; };
		280A2CEF160E5E026FC034DD /* libPods-later.a */ = {isa = PBXFileReference; explicitFileType = archive.ar; includeInIndex = 0; path = "libPods-later.a"; sourceTree = BUILT_PRODUCTS_DIR; };
		2E0BF0E51AF12F9200C5F7BF /* NotificationStrings.h */ = {isa = PBXFileReference; lastKnownFileType = sourcecode.c.h; path = NotificationStrings.h; sourceTree = "<group>"; };
		2E2220531AE59FCB007D2E38 /* Launch Screen.xib */ = {isa = PBXFileReference; fileEncoding = 4; lastKnownFileType = file.xib; path = "Launch Screen.xib"; sourceTree = "<group>"; };
		2E2220571AE5B984007D2E38 /* BCN.wav */ = {isa = PBXFileReference; lastKnownFileType = audio.wav; path = BCN.wav; sourceTree = "<group>"; };
		2E22205D1AE5B9EE007D2E38 /* PleasantTone.wav */ = {isa = PBXFileReference; lastKnownFileType = audio.wav; path = PleasantTone.wav; sourceTree = "<group>"; };
		2E22205F1AE5BA44007D2E38 /* TrainStation.wav */ = {isa = PBXFileReference; lastKnownFileType = audio.wav; path = TrainStation.wav; sourceTree = "<group>"; };
		2E2220611AE5BAD2007D2E38 /* ThatsIt.wav */ = {isa = PBXFileReference; lastKnownFileType = audio.wav; path = ThatsIt.wav; sourceTree = "<group>"; };
		2E2220651AE60B11007D2E38 /* logo-80.png */ = {isa = PBXFileReference; lastKnownFileType = image.png; path = "logo-80.png"; sourceTree = "<group>"; };
		2E2220671AE60B69007D2E38 /* logo-58.png */ = {isa = PBXFileReference; lastKnownFileType = image.png; path = "logo-58.png"; sourceTree = SOURCE_ROOT; };
		2E2220681AE60B69007D2E38 /* logo-87.png */ = {isa = PBXFileReference; lastKnownFileType = image.png; path = "logo-87.png"; sourceTree = SOURCE_ROOT; };
		2E22206C1AE60CD0007D2E38 /* launch2x.png */ = {isa = PBXFileReference; lastKnownFileType = image.png; path = launch2x.png; sourceTree = SOURCE_ROOT; };
		2E22206D1AE60CD0007D2E38 /* launchret4.png */ = {isa = PBXFileReference; lastKnownFileType = image.png; path = launchret4.png; sourceTree = SOURCE_ROOT; };
		2E25D6061AE42C2800774220 /* CaptionInputsPageViewController.h */ = {isa = PBXFileReference; fileEncoding = 4; lastKnownFileType = sourcecode.c.h; path = CaptionInputsPageViewController.h; sourceTree = "<group>"; };
		2E25D6071AE42C2800774220 /* CaptionInputsPageViewController.m */ = {isa = PBXFileReference; fileEncoding = 4; lastKnownFileType = sourcecode.c.objc; path = CaptionInputsPageViewController.m; sourceTree = "<group>"; };
		2E25D6091AE42E1100774220 /* TableViewController.h */ = {isa = PBXFileReference; fileEncoding = 4; lastKnownFileType = sourcecode.c.h; path = TableViewController.h; sourceTree = "<group>"; };
		2E25D60A1AE42E1100774220 /* TableViewController.m */ = {isa = PBXFileReference; fileEncoding = 4; lastKnownFileType = sourcecode.c.objc; path = TableViewController.m; sourceTree = "<group>"; };
		2E25D60C1AE4A9B200774220 /* DatePickerViewController.h */ = {isa = PBXFileReference; fileEncoding = 4; lastKnownFileType = sourcecode.c.h; path = DatePickerViewController.h; sourceTree = "<group>"; };
		2E25D60D1AE4A9B200774220 /* DatePickerViewController.m */ = {isa = PBXFileReference; fileEncoding = 4; lastKnownFileType = sourcecode.c.objc; path = DatePickerViewController.m; sourceTree = "<group>"; };
		2E3E92F31AE0B8B10048B5E8 /* Crashlytics.framework */ = {isa = PBXFileReference; lastKnownFileType = wrapper.framework; path = Crashlytics.framework; sourceTree = "<group>"; };
		2E3E92F41AE0B8B10048B5E8 /* Fabric.framework */ = {isa = PBXFileReference; lastKnownFileType = wrapper.framework; path = Fabric.framework; sourceTree = "<group>"; };
		2E3E92F71AE1A7890048B5E8 /* Settings.bundle */ = {isa = PBXFileReference; lastKnownFileType = "wrapper.plug-in"; path = Settings.bundle; sourceTree = "<group>"; };
		2E6E21011ADC53DB002E9372 /* Later.app */ = {isa = PBXFileReference; explicitFileType = wrapper.application; includeInIndex = 0; path = Later.app; sourceTree = BUILT_PRODUCTS_DIR; };
		2E6E21051ADC53DB002E9372 /* Info.plist */ = {isa = PBXFileReference; lastKnownFileType = text.plist.xml; path = Info.plist; sourceTree = "<group>"; };
		2E6E21061ADC53DB002E9372 /* main.m */ = {isa = PBXFileReference; lastKnownFileType = sourcecode.c.objc; path = main.m; sourceTree = "<group>"; };
		2E6E21081ADC53DB002E9372 /* AppDelegate.h */ = {isa = PBXFileReference; lastKnownFileType = sourcecode.c.h; path = AppDelegate.h; sourceTree = "<group>"; };
		2E6E21091ADC53DB002E9372 /* AppDelegate.m */ = {isa = PBXFileReference; lastKnownFileType = sourcecode.c.objc; path = AppDelegate.m; sourceTree = "<group>"; };
		2E6E210B1ADC53DB002E9372 /* ViewController.h */ = {isa = PBXFileReference; lastKnownFileType = sourcecode.c.h; path = ViewController.h; sourceTree = "<group>"; };
		2E6E210C1ADC53DB002E9372 /* ViewController.m */ = {isa = PBXFileReference; lastKnownFileType = sourcecode.c.objc; path = ViewController.m; sourceTree = "<group>"; };
		2E6E210F1ADC53DB002E9372 /* Base */ = {isa = PBXFileReference; lastKnownFileType = file.storyboard; name = Base; path = Base.lproj/Main.storyboard; sourceTree = "<group>"; };
		2E6E21111ADC53DB002E9372 /* Images.xcassets */ = {isa = PBXFileReference; lastKnownFileType = folder.assetcatalog; path = Images.xcassets; sourceTree = "<group>"; };
		2E6E211A1ADC53DB002E9372 /* Later.temp_caseinsensitive_renameTests.xctest */ = {isa = PBXFileReference; explicitFileType = wrapper.cfbundle; includeInIndex = 0; path = Later.temp_caseinsensitive_renameTests.xctest; sourceTree = BUILT_PRODUCTS_DIR; };
		2E6E211F1ADC53DB002E9372 /* Info.plist */ = {isa = PBXFileReference; lastKnownFileType = text.plist.xml; path = Info.plist; sourceTree = "<group>"; };
		2E6E21201ADC53DB002E9372 /* laterTests.m */ = {isa = PBXFileReference; lastKnownFileType = sourcecode.c.objc; path = laterTests.m; sourceTree = "<group>"; };
		2E6E212A1ADC647B002E9372 /* InstagramKit.plist */ = {isa = PBXFileReference; fileEncoding = 4; lastKnownFileType = text.plist.xml; path = InstagramKit.plist; sourceTree = "<group>"; };
		2E6E212C1ADC81C2002E9372 /* SchedulesPostsViewController.h */ = {isa = PBXFileReference; fileEncoding = 4; lastKnownFileType = sourcecode.c.h; path = SchedulesPostsViewController.h; sourceTree = "<group>"; };
		2E6E212D1ADC81C2002E9372 /* SchedulesPostsViewController.m */ = {isa = PBXFileReference; fileEncoding = 4; lastKnownFileType = sourcecode.c.objc; path = SchedulesPostsViewController.m; sourceTree = "<group>"; };
		2E6E21341ADCBB90002E9372 /* CommentEntryViewController.h */ = {isa = PBXFileReference; fileEncoding = 4; lastKnownFileType = sourcecode.c.h; path = CommentEntryViewController.h; sourceTree = "<group>"; };
		2E6E21351ADCBB90002E9372 /* CommentEntryViewController.m */ = {isa = PBXFileReference; fileEncoding = 4; lastKnownFileType = sourcecode.c.objc; path = CommentEntryViewController.m; sourceTree = "<group>"; };
		2E6E21371ADCC5C3002E9372 /* HashtagTableViewCell.h */ = {isa = PBXFileReference; fileEncoding = 4; lastKnownFileType = sourcecode.c.h; path = HashtagTableViewCell.h; sourceTree = "<group>"; };
		2E6E21381ADCC5C4002E9372 /* HashtagTableViewCell.m */ = {isa = PBXFileReference; fileEncoding = 4; lastKnownFileType = sourcecode.c.objc; path = HashtagTableViewCell.m; sourceTree = "<group>"; };
		2E6E213A1ADCDD23002E9372 /* HashtagTableViewCell.xib */ = {isa = PBXFileReference; fileEncoding = 4; lastKnownFileType = file.xib; path = HashtagTableViewCell.xib; sourceTree = "<group>"; };
		2E6E21411ADCFA82002E9372 /* logo.png */ = {isa = PBXFileReference; lastKnownFileType = image.png; path = logo.png; sourceTree = SOURCE_ROOT; };
		2E6E21431ADCFB47002E9372 /* logo-120.png */ = {isa = PBXFileReference; lastKnownFileType = image.png; path = "logo-120.png"; sourceTree = SOURCE_ROOT; };
		2E6E21441ADCFB47002E9372 /* logo-180.png */ = {isa = PBXFileReference; lastKnownFileType = image.png; path = "logo-180.png"; sourceTree = SOURCE_ROOT; };
		2E6E21481ADD85D5002E9372 /* PhotoTableViewCell.h */ = {isa = PBXFileReference; fileEncoding = 4; lastKnownFileType = sourcecode.c.h; path = PhotoTableViewCell.h; sourceTree = "<group>"; };
		2E6E21491ADD85D5002E9372 /* PhotoTableViewCell.m */ = {isa = PBXFileReference; fileEncoding = 4; lastKnownFileType = sourcecode.c.objc; path = PhotoTableViewCell.m; sourceTree = "<group>"; };
		2E6E214C1ADECAE4002E9372 /* scheduledPostModel.h */ = {isa = PBXFileReference; fileEncoding = 4; lastKnownFileType = sourcecode.c.h; path = scheduledPostModel.h; sourceTree = "<group>"; };
		2E6E214D1ADECAE4002E9372 /* scheduledPostModel.m */ = {isa = PBXFileReference; fileEncoding = 4; lastKnownFileType = sourcecode.c.objc; path = scheduledPostModel.m; sourceTree = "<group>"; };
		2E6E214F1ADED280002E9372 /* PostDBSingleton.h */ = {isa = PBXFileReference; fileEncoding = 4; lastKnownFileType = sourcecode.c.h; path = PostDBSingleton.h; sourceTree = "<group>"; };
		2E6E21501ADED280002E9372 /* PostDBSingleton.m */ = {isa = PBXFileReference; fileEncoding = 4; lastKnownFileType = sourcecode.c.objc; path = PostDBSingleton.m; sourceTree = "<group>"; };
		2E6E21521AE021D0002E9372 /* PostActionsViewController.h */ = {isa = PBXFileReference; fileEncoding = 4; lastKnownFileType = sourcecode.c.h; path = PostActionsViewController.h; sourceTree = "<group>"; };
		2E6E21531AE021D0002E9372 /* PostActionsViewController.m */ = {isa = PBXFileReference; fileEncoding = 4; lastKnownFileType = sourcecode.c.objc; path = PostActionsViewController.m; sourceTree = "<group>"; };
		2E6E21541AE021D0002E9372 /* PostActionsViewController.xib */ = {isa = PBXFileReference; fileEncoding = 4; lastKnownFileType = file.xib; path = PostActionsViewController.xib; sourceTree = "<group>"; };
		2E6E215A1AE05877002E9372 /* Photos.framework */ = {isa = PBXFileReference; lastKnownFileType = wrapper.framework; name = Photos.framework; path = System/Library/Frameworks/Photos.framework; sourceTree = SDKROOT; };
/* End PBXFileReference section */

/* Begin PBXFrameworksBuildPhase section */
		2E6E20FE1ADC53DB002E9372 /* Frameworks */ = {
			isa = PBXFrameworksBuildPhase;
			buildActionMask = 2147483647;
			files = (
				2E6E215B1AE05877002E9372 /* Photos.framework in Frameworks */,
				2E3E92F51AE0B8B10048B5E8 /* Crashlytics.framework in Frameworks */,
				B3B515076FDC9057E4D733FF /* libPods-later.a in Frameworks */,
				2E3E92F61AE0B8B10048B5E8 /* Fabric.framework in Frameworks */,
			);
			runOnlyForDeploymentPostprocessing = 0;
		};
		2E6E21171ADC53DB002E9372 /* Frameworks */ = {
			isa = PBXFrameworksBuildPhase;
			buildActionMask = 2147483647;
			files = (
			);
			runOnlyForDeploymentPostprocessing = 0;
		};
/* End PBXFrameworksBuildPhase section */

/* Begin PBXGroup section */
		2E2220631AE5BC26007D2E38 /* Alert sounds */ = {
			isa = PBXGroup;
			children = (
				2E22205D1AE5B9EE007D2E38 /* PleasantTone.wav */,
				2E22205F1AE5BA44007D2E38 /* TrainStation.wav */,
				2E2220571AE5B984007D2E38 /* BCN.wav */,
			);
			name = "Alert sounds";
			sourceTree = "<group>";
		};
		2E6E20F81ADC53DB002E9372 = {
			isa = PBXGroup;
			children = (
				2E6E21031ADC53DB002E9372 /* later */,
				2E6E211D1ADC53DB002E9372 /* laterTests */,
				2E6E21021ADC53DB002E9372 /* Products */,
				57C7FD77DC4984F0EAF87CB8 /* Pods */,
				8886719E3A40C9812E5CACF6 /* Frameworks */,
			);
			sourceTree = "<group>";
		};
		2E6E21021ADC53DB002E9372 /* Products */ = {
			isa = PBXGroup;
			children = (
				2E6E21011ADC53DB002E9372 /* Later.app */,
				2E6E211A1ADC53DB002E9372 /* Later.temp_caseinsensitive_renameTests.xctest */,
			);
			name = Products;
			sourceTree = "<group>";
		};
		2E6E21031ADC53DB002E9372 /* later */ = {
			isa = PBXGroup;
			children = (
				2E6E21041ADC53DB002E9372 /* Supporting Files */,
				2E6E21081ADC53DB002E9372 /* AppDelegate.h */,
				2E6E21091ADC53DB002E9372 /* AppDelegate.m */,
				2E6E210B1ADC53DB002E9372 /* ViewController.h */,
				2E6E210C1ADC53DB002E9372 /* ViewController.m */,
				2E6E210E1ADC53DB002E9372 /* Main.storyboard */,
				2E6E214C1ADECAE4002E9372 /* scheduledPostModel.h */,
				2E6E214D1ADECAE4002E9372 /* scheduledPostModel.m */,
				2E6E214F1ADED280002E9372 /* PostDBSingleton.h */,
				2E6E21501ADED280002E9372 /* PostDBSingleton.m */,
				2E6E214B1ADD9782002E9372 /* Image Display */,
				2E6E21471ADD74DF002E9372 /* Caption Entry */,
				2E6E21111ADC53DB002E9372 /* Images.xcassets */,
				2E6E212A1ADC647B002E9372 /* InstagramKit.plist */,
				2E3E92F71AE1A7890048B5E8 /* Settings.bundle */,
				2E2220531AE59FCB007D2E38 /* Launch Screen.xib */,
				2E0BF0E51AF12F9200C5F7BF /* NotificationStrings.h */,
			);
			path = later;
			sourceTree = "<group>";
		};
		2E6E21041ADC53DB002E9372 /* Supporting Files */ = {
			isa = PBXGroup;
			children = (
				2E2220611AE5BAD2007D2E38 /* ThatsIt.wav */,
				2E2220631AE5BC26007D2E38 /* Alert sounds */,
				2E6E21431ADCFB47002E9372 /* logo-120.png */,
				2E22206C1AE60CD0007D2E38 /* launch2x.png */,
				2E22206D1AE60CD0007D2E38 /* launchret4.png */,
				2E2220651AE60B11007D2E38 /* logo-80.png */,
				2E2220671AE60B69007D2E38 /* logo-58.png */,
				2E2220681AE60B69007D2E38 /* logo-87.png */,
				2E6E21441ADCFB47002E9372 /* logo-180.png */,
				2E6E21411ADCFA82002E9372 /* logo.png */,
				2E6E21051ADC53DB002E9372 /* Info.plist */,
				2E6E21061ADC53DB002E9372 /* main.m */,
			);
			name = "Supporting Files";
			sourceTree = "<group>";
		};
		2E6E211D1ADC53DB002E9372 /* laterTests */ = {
			isa = PBXGroup;
			children = (
				2E6E21201ADC53DB002E9372 /* laterTests.m */,
				2E6E211E1ADC53DB002E9372 /* Supporting Files */,
			);
			path = laterTests;
			sourceTree = "<group>";
		};
		2E6E211E1ADC53DB002E9372 /* Supporting Files */ = {
			isa = PBXGroup;
			children = (
				2E6E211F1ADC53DB002E9372 /* Info.plist */,
			);
			name = "Supporting Files";
			sourceTree = "<group>";
		};
		2E6E21471ADD74DF002E9372 /* Caption Entry */ = {
			isa = PBXGroup;
			children = (
				2E25D6061AE42C2800774220 /* CaptionInputsPageViewController.h */,
				2E25D6071AE42C2800774220 /* CaptionInputsPageViewController.m */,
				2E25D6091AE42E1100774220 /* TableViewController.h */,
				2E25D60A1AE42E1100774220 /* TableViewController.m */,
				2E25D60C1AE4A9B200774220 /* DatePickerViewController.h */,
				2E25D60D1AE4A9B200774220 /* DatePickerViewController.m */,
				2E6E21341ADCBB90002E9372 /* CommentEntryViewController.h */,
				2E6E21351ADCBB90002E9372 /* CommentEntryViewController.m */,
				2E6E21371ADCC5C3002E9372 /* HashtagTableViewCell.h */,
				2E6E21381ADCC5C4002E9372 /* HashtagTableViewCell.m */,
				2E6E213A1ADCDD23002E9372 /* HashtagTableViewCell.xib */,
			);
			name = "Caption Entry";
			sourceTree = "<group>";
		};
		2E6E214B1ADD9782002E9372 /* Image Display */ = {
			isa = PBXGroup;
			children = (
				2E6E212C1ADC81C2002E9372 /* SchedulesPostsViewController.h */,
				2E6E212D1ADC81C2002E9372 /* SchedulesPostsViewController.m */,
				2E6E21481ADD85D5002E9372 /* PhotoTableViewCell.h */,
				2E6E21491ADD85D5002E9372 /* PhotoTableViewCell.m */,
				2E6E21521AE021D0002E9372 /* PostActionsViewController.h */,
				2E6E21531AE021D0002E9372 /* PostActionsViewController.m */,
				2E6E21541AE021D0002E9372 /* PostActionsViewController.xib */,
			);
			name = "Image Display";
			sourceTree = "<group>";
		};
		57C7FD77DC4984F0EAF87CB8 /* Pods */ = {
			isa = PBXGroup;
			children = (
				1B97193DDF911A4B06A8DDE6 /* Pods-later.debug.xcconfig */,
				25742B44346AC6B5DC0C3481 /* Pods-later.release.xcconfig */,
			);
			name = Pods;
			sourceTree = "<group>";
		};
		8886719E3A40C9812E5CACF6 /* Frameworks */ = {
			isa = PBXGroup;
			children = (
				2E3E92F31AE0B8B10048B5E8 /* Crashlytics.framework */,
				2E3E92F41AE0B8B10048B5E8 /* Fabric.framework */,
				2E6E215A1AE05877002E9372 /* Photos.framework */,
				280A2CEF160E5E026FC034DD /* libPods-later.a */,
			);
			name = Frameworks;
			sourceTree = "<group>";
		};
/* End PBXGroup section */

/* Begin PBXNativeTarget section */
		2E6E21001ADC53DB002E9372 /* later */ = {
			isa = PBXNativeTarget;
			buildConfigurationList = 2E6E21241ADC53DB002E9372 /* Build configuration list for PBXNativeTarget "later" */;
			buildPhases = (
				2E2220641AE5CE7E007D2E38 /* ShellScript */,
				3A235D69879DFCFD721BBC45 /* Check Pods Manifest.lock */,
				2E6E20FD1ADC53DB002E9372 /* Sources */,
				2E6E20FE1ADC53DB002E9372 /* Frameworks */,
				2E6E20FF1ADC53DB002E9372 /* Resources */,
				0958001018EC542A28C1F4D5 /* Copy Pods Resources */,
				2E3E92F21AE0B88B0048B5E8 /* ShellScript */,
			);
			buildRules = (
			);
			dependencies = (
			);
			name = later;
			productName = later;
			productReference = 2E6E21011ADC53DB002E9372 /* Later.app */;
			productType = "com.apple.product-type.application";
		};
		2E6E21191ADC53DB002E9372 /* laterTests */ = {
			isa = PBXNativeTarget;
			buildConfigurationList = 2E6E21271ADC53DB002E9372 /* Build configuration list for PBXNativeTarget "laterTests" */;
			buildPhases = (
				2E6E21161ADC53DB002E9372 /* Sources */,
				2E6E21171ADC53DB002E9372 /* Frameworks */,
				2E6E21181ADC53DB002E9372 /* Resources */,
			);
			buildRules = (
			);
			dependencies = (
				2E6E211C1ADC53DB002E9372 /* PBXTargetDependency */,
			);
			name = laterTests;
			productName = laterTests;
			productReference = 2E6E211A1ADC53DB002E9372 /* Later.temp_caseinsensitive_renameTests.xctest */;
			productType = "com.apple.product-type.bundle.unit-test";
		};
/* End PBXNativeTarget section */

/* Begin PBXProject section */
		2E6E20F91ADC53DB002E9372 /* Project object */ = {
			isa = PBXProject;
			attributes = {
				LastUpgradeCheck = 0630;
				ORGANIZATIONNAME = "Adam Juhasz";
				TargetAttributes = {
					2E6E21001ADC53DB002E9372 = {
						CreatedOnToolsVersion = 6.3;
						DevelopmentTeam = 2ZG8V3KUG2;
					};
					2E6E21191ADC53DB002E9372 = {
						CreatedOnToolsVersion = 6.3;
						TestTargetID = 2E6E21001ADC53DB002E9372;
					};
				};
			};
			buildConfigurationList = 2E6E20FC1ADC53DB002E9372 /* Build configuration list for PBXProject "later" */;
			compatibilityVersion = "Xcode 3.2";
			developmentRegion = English;
			hasScannedForEncodings = 0;
			knownRegions = (
				en,
				Base,
			);
			mainGroup = 2E6E20F81ADC53DB002E9372;
			productRefGroup = 2E6E21021ADC53DB002E9372 /* Products */;
			projectDirPath = "";
			projectRoot = "";
			targets = (
				2E6E21001ADC53DB002E9372 /* later */,
				2E6E21191ADC53DB002E9372 /* laterTests */,
			);
		};
/* End PBXProject section */

/* Begin PBXResourcesBuildPhase section */
		2E6E20FF1ADC53DB002E9372 /* Resources */ = {
			isa = PBXResourcesBuildPhase;
			buildActionMask = 2147483647;
			files = (
				2E6E21561AE021D0002E9372 /* PostActionsViewController.xib in Resources */,
				2E6E21451ADCFB47002E9372 /* logo-120.png in Resources */,
				2E2220661AE60B11007D2E38 /* logo-80.png in Resources */,
				2E6E213B1ADCDD23002E9372 /* HashtagTableViewCell.xib in Resources */,
				2E6E21101ADC53DB002E9372 /* Main.storyboard in Resources */,
				2E6E212B1ADC647B002E9372 /* InstagramKit.plist in Resources */,
				2E6E21421ADCFA82002E9372 /* logo.png in Resources */,
				2E2220581AE5B984007D2E38 /* BCN.wav in Resources */,
				2E22205E1AE5B9EE007D2E38 /* PleasantTone.wav in Resources */,
				2E2220691AE60B69007D2E38 /* logo-58.png in Resources */,
				2E6E21461ADCFB47002E9372 /* logo-180.png in Resources */,
				2E22206F1AE60CD0007D2E38 /* launch2x.png in Resources */,
				2E2220621AE5BAD2007D2E38 /* ThatsIt.wav in Resources */,
				2E3E92F81AE1A7890048B5E8 /* Settings.bundle in Resources */,
				2E22206A1AE60B69007D2E38 /* logo-87.png in Resources */,
				2E6E21121ADC53DB002E9372 /* Images.xcassets in Resources */,
				2E2220541AE59FCB007D2E38 /* Launch Screen.xib in Resources */,
				2E2220601AE5BA44007D2E38 /* TrainStation.wav in Resources */,
				2E2220701AE60CD0007D2E38 /* launchret4.png in Resources */,
			);
			runOnlyForDeploymentPostprocessing = 0;
		};
		2E6E21181ADC53DB002E9372 /* Resources */ = {
			isa = PBXResourcesBuildPhase;
			buildActionMask = 2147483647;
			files = (
			);
			runOnlyForDeploymentPostprocessing = 0;
		};
/* End PBXResourcesBuildPhase section */

/* Begin PBXShellScriptBuildPhase section */
		0958001018EC542A28C1F4D5 /* Copy Pods Resources */ = {
			isa = PBXShellScriptBuildPhase;
			buildActionMask = 2147483647;
			files = (
			);
			inputPaths = (
			);
			name = "Copy Pods Resources";
			outputPaths = (
			);
			runOnlyForDeploymentPostprocessing = 0;
			shellPath = /bin/sh;
			shellScript = "\"${SRCROOT}/Pods/Target Support Files/Pods-later/Pods-later-resources.sh\"\n";
			showEnvVarsInLog = 0;
		};
		2E2220641AE5CE7E007D2E38 /* ShellScript */ = {
			isa = PBXShellScriptBuildPhase;
			buildActionMask = 2147483647;
			files = (
			);
			inputPaths = (
			);
			outputPaths = (
			);
			runOnlyForDeploymentPostprocessing = 0;
			shellPath = /bin/sh;
			shellScript = "${PROJECT_DIR}/tools/bump_build_number.sh \"${PROJECT_DIR}/${INFOPLIST_FILE}\"";
		};
		2E3E92F21AE0B88B0048B5E8 /* ShellScript */ = {
			isa = PBXShellScriptBuildPhase;
			buildActionMask = 2147483647;
			files = (
			);
			inputPaths = (
			);
			outputPaths = (
			);
			runOnlyForDeploymentPostprocessing = 0;
			shellPath = /bin/sh;
			shellScript = "./Fabric.framework/run 2231fe0b1e370f1d9ffb9b97b35a1cb4d24359fc cddd15fd7561247dd9c391ce2666fad7b05aa70c42d938765933616888fc1cdb";
		};
		3A235D69879DFCFD721BBC45 /* Check Pods Manifest.lock */ = {
			isa = PBXShellScriptBuildPhase;
			buildActionMask = 2147483647;
			files = (
			);
			inputPaths = (
			);
			name = "Check Pods Manifest.lock";
			outputPaths = (
			);
			runOnlyForDeploymentPostprocessing = 0;
			shellPath = /bin/sh;
			shellScript = "diff \"${PODS_ROOT}/../Podfile.lock\" \"${PODS_ROOT}/Manifest.lock\" > /dev/null\nif [[ $? != 0 ]] ; then\n    cat << EOM\nerror: The sandbox is not in sync with the Podfile.lock. Run 'pod install' or update your CocoaPods installation.\nEOM\n    exit 1\nfi\n";
			showEnvVarsInLog = 0;
		};
/* End PBXShellScriptBuildPhase section */

/* Begin PBXSourcesBuildPhase section */
		2E6E20FD1ADC53DB002E9372 /* Sources */ = {
			isa = PBXSourcesBuildPhase;
			buildActionMask = 2147483647;
			files = (
				2E6E210D1ADC53DB002E9372 /* ViewController.m in Sources */,
				2E6E212E1ADC81C2002E9372 /* SchedulesPostsViewController.m in Sources */,
				2E6E21511ADED280002E9372 /* PostDBSingleton.m in Sources */,
				2E6E210A1ADC53DB002E9372 /* AppDelegate.m in Sources */,
				2E25D6081AE42C2800774220 /* CaptionInputsPageViewController.m in Sources */,
				2E6E214A1ADD85D5002E9372 /* PhotoTableViewCell.m in Sources */,
				2E6E21071ADC53DB002E9372 /* main.m in Sources */,
				2E25D60B1AE42E1100774220 /* TableViewController.m in Sources */,
				2E6E21551AE021D0002E9372 /* PostActionsViewController.m in Sources */,
				2E6E21361ADCBB90002E9372 /* CommentEntryViewController.m in Sources */,
				2E25D60E1AE4A9B200774220 /* DatePickerViewController.m in Sources */,
				2E6E21391ADCC5C4002E9372 /* HashtagTableViewCell.m in Sources */,
				2E6E214E1ADECAE4002E9372 /* scheduledPostModel.m in Sources */,
			);
			runOnlyForDeploymentPostprocessing = 0;
		};
		2E6E21161ADC53DB002E9372 /* Sources */ = {
			isa = PBXSourcesBuildPhase;
			buildActionMask = 2147483647;
			files = (
				2E6E21211ADC53DB002E9372 /* laterTests.m in Sources */,
			);
			runOnlyForDeploymentPostprocessing = 0;
		};
/* End PBXSourcesBuildPhase section */

/* Begin PBXTargetDependency section */
		2E6E211C1ADC53DB002E9372 /* PBXTargetDependency */ = {
			isa = PBXTargetDependency;
			target = 2E6E21001ADC53DB002E9372 /* later */;
			targetProxy = 2E6E211B1ADC53DB002E9372 /* PBXContainerItemProxy */;
		};
/* End PBXTargetDependency section */

/* Begin PBXVariantGroup section */
		2E6E210E1ADC53DB002E9372 /* Main.storyboard */ = {
			isa = PBXVariantGroup;
			children = (
				2E6E210F1ADC53DB002E9372 /* Base */,
			);
			name = Main.storyboard;
			sourceTree = "<group>";
		};
/* End PBXVariantGroup section */

/* Begin XCBuildConfiguration section */
		2E6E21221ADC53DB002E9372 /* Debug */ = {
			isa = XCBuildConfiguration;
			buildSettings = {
				ALWAYS_SEARCH_USER_PATHS = NO;
				CLANG_CXX_LANGUAGE_STANDARD = "gnu++0x";
				CLANG_CXX_LIBRARY = "libc++";
				CLANG_ENABLE_MODULES = YES;
				CLANG_ENABLE_OBJC_ARC = YES;
				CLANG_WARN_BOOL_CONVERSION = YES;
				CLANG_WARN_CONSTANT_CONVERSION = YES;
				CLANG_WARN_DIRECT_OBJC_ISA_USAGE = YES_ERROR;
				CLANG_WARN_EMPTY_BODY = YES;
				CLANG_WARN_ENUM_CONVERSION = YES;
				CLANG_WARN_INT_CONVERSION = YES;
				CLANG_WARN_OBJC_ROOT_CLASS = YES_ERROR;
				CLANG_WARN_UNREACHABLE_CODE = YES;
				CLANG_WARN__DUPLICATE_METHOD_MATCH = YES;
				"CODE_SIGN_IDENTITY[sdk=iphoneos*]" = "iPhone Developer";
				COPY_PHASE_STRIP = NO;
				DEBUG_INFORMATION_FORMAT = "dwarf-with-dsym";
				ENABLE_STRICT_OBJC_MSGSEND = YES;
				GCC_C_LANGUAGE_STANDARD = gnu99;
				GCC_DYNAMIC_NO_PIC = NO;
				GCC_NO_COMMON_BLOCKS = YES;
				GCC_OPTIMIZATION_LEVEL = 0;
				GCC_PREPROCESSOR_DEFINITIONS = (
					"DEBUG=1",
					"$(inherited)",
				);
				GCC_SYMBOLS_PRIVATE_EXTERN = NO;
				GCC_WARN_64_TO_32_BIT_CONVERSION = YES;
				GCC_WARN_ABOUT_RETURN_TYPE = YES_ERROR;
				GCC_WARN_UNDECLARED_SELECTOR = YES;
				GCC_WARN_UNINITIALIZED_AUTOS = YES_AGGRESSIVE;
				GCC_WARN_UNUSED_FUNCTION = YES;
				GCC_WARN_UNUSED_VARIABLE = YES;
				IPHONEOS_DEPLOYMENT_TARGET = 7.0;
				MTL_ENABLE_DEBUG_INFO = YES;
				ONLY_ACTIVE_ARCH = YES;
				SDKROOT = iphoneos;
			};
			name = Debug;
		};
		2E6E21231ADC53DB002E9372 /* Release */ = {
			isa = XCBuildConfiguration;
			buildSettings = {
				ALWAYS_SEARCH_USER_PATHS = NO;
				CLANG_CXX_LANGUAGE_STANDARD = "gnu++0x";
				CLANG_CXX_LIBRARY = "libc++";
				CLANG_ENABLE_MODULES = YES;
				CLANG_ENABLE_OBJC_ARC = YES;
				CLANG_WARN_BOOL_CONVERSION = YES;
				CLANG_WARN_CONSTANT_CONVERSION = YES;
				CLANG_WARN_DIRECT_OBJC_ISA_USAGE = YES_ERROR;
				CLANG_WARN_EMPTY_BODY = YES;
				CLANG_WARN_ENUM_CONVERSION = YES;
				CLANG_WARN_INT_CONVERSION = YES;
				CLANG_WARN_OBJC_ROOT_CLASS = YES_ERROR;
				CLANG_WARN_UNREACHABLE_CODE = YES;
				CLANG_WARN__DUPLICATE_METHOD_MATCH = YES;
				"CODE_SIGN_IDENTITY[sdk=iphoneos*]" = "iPhone Developer";
				COPY_PHASE_STRIP = NO;
				DEBUG_INFORMATION_FORMAT = "dwarf-with-dsym";
				ENABLE_NS_ASSERTIONS = NO;
				ENABLE_STRICT_OBJC_MSGSEND = YES;
				GCC_C_LANGUAGE_STANDARD = gnu99;
				GCC_NO_COMMON_BLOCKS = YES;
				GCC_WARN_64_TO_32_BIT_CONVERSION = YES;
				GCC_WARN_ABOUT_RETURN_TYPE = YES_ERROR;
				GCC_WARN_UNDECLARED_SELECTOR = YES;
				GCC_WARN_UNINITIALIZED_AUTOS = YES_AGGRESSIVE;
				GCC_WARN_UNUSED_FUNCTION = YES;
				GCC_WARN_UNUSED_VARIABLE = YES;
				IPHONEOS_DEPLOYMENT_TARGET = 7.0;
				MTL_ENABLE_DEBUG_INFO = NO;
				SDKROOT = iphoneos;
				VALIDATE_PRODUCT = YES;
			};
			name = Release;
		};
		2E6E21251ADC53DB002E9372 /* Debug */ = {
			isa = XCBuildConfiguration;
			baseConfigurationReference = 1B97193DDF911A4B06A8DDE6 /* Pods-later.debug.xcconfig */;
			buildSettings = {
				ASSETCATALOG_COMPILER_APPICON_NAME = AppIcon;
				ASSETCATALOG_COMPILER_LAUNCHIMAGE_NAME = LaunchImage;
				CODE_SIGN_IDENTITY = "iPhone Developer";
				FRAMEWORK_SEARCH_PATHS = (
					"$(inherited)",
					"$(PROJECT_DIR)",
				);
				INFOPLIST_FILE = later/Info.plist;
				IPHONEOS_DEPLOYMENT_TARGET = 8.0;
				LD_RUNPATH_SEARCH_PATHS = "$(inherited) @executable_path/Frameworks";
				PRODUCT_NAME = Later;
				PROVISIONING_PROFILE = "1aa84b6f-9a77-435e-b8e4-60ed376de8f4";
			};
			name = Debug;
		};
		2E6E21261ADC53DB002E9372 /* Release */ = {
			isa = XCBuildConfiguration;
			baseConfigurationReference = 25742B44346AC6B5DC0C3481 /* Pods-later.release.xcconfig */;
			buildSettings = {
				ASSETCATALOG_COMPILER_APPICON_NAME = AppIcon;
				ASSETCATALOG_COMPILER_LAUNCHIMAGE_NAME = LaunchImage;
				CODE_SIGN_IDENTITY = "iPhone Developer";
				FRAMEWORK_SEARCH_PATHS = (
					"$(inherited)",
					"$(PROJECT_DIR)",
				);
				INFOPLIST_FILE = later/Info.plist;
				IPHONEOS_DEPLOYMENT_TARGET = 8.0;
				LD_RUNPATH_SEARCH_PATHS = "$(inherited) @executable_path/Frameworks";
				PRODUCT_NAME = Later;
				PROVISIONING_PROFILE = "1aa84b6f-9a77-435e-b8e4-60ed376de8f4";
			};
			name = Release;
		};
		2E6E21281ADC53DB002E9372 /* Debug */ = {
			isa = XCBuildConfiguration;
			buildSettings = {
				BUNDLE_LOADER = "$(TEST_HOST)";
				FRAMEWORK_SEARCH_PATHS = (
					"$(SDKROOT)/Developer/Library/Frameworks",
					"$(inherited)",
				);
				GCC_PREPROCESSOR_DEFINITIONS = (
					"DEBUG=1",
					"$(inherited)",
				);
				INFOPLIST_FILE = laterTests/Info.plist;
				LD_RUNPATH_SEARCH_PATHS = "$(inherited) @executable_path/Frameworks @loader_path/Frameworks";
				PRODUCT_NAME = Later.temp_caseinsensitive_renameTests;
				TEST_HOST = "$(BUILT_PRODUCTS_DIR)/later.app/later";
			};
			name = Debug;
		};
		2E6E21291ADC53DB002E9372 /* Release */ = {
			isa = XCBuildConfiguration;
			buildSettings = {
				BUNDLE_LOADER = "$(TEST_HOST)";
				FRAMEWORK_SEARCH_PATHS = (
					"$(SDKROOT)/Developer/Library/Frameworks",
					"$(inherited)",
				);
				INFOPLIST_FILE = laterTests/Info.plist;
				LD_RUNPATH_SEARCH_PATHS = "$(inherited) @executable_path/Frameworks @loader_path/Frameworks";
				PRODUCT_NAME = Later.temp_caseinsensitive_renameTests;
				TEST_HOST = "$(BUILT_PRODUCTS_DIR)/later.app/later";
			};
			name = Release;
		};
/* End XCBuildConfiguration section */

/* Begin XCConfigurationList section */
		2E6E20FC1ADC53DB002E9372 /* Build configuration list for PBXProject "later" */ = {
			isa = XCConfigurationList;
			buildConfigurations = (
				2E6E21221ADC53DB002E9372 /* Debug */,
				2E6E21231ADC53DB002E9372 /* Release */,
			);
			defaultConfigurationIsVisible = 0;
			defaultConfigurationName = Release;
		};
		2E6E21241ADC53DB002E9372 /* Build configuration list for PBXNativeTarget "later" */ = {
			isa = XCConfigurationList;
			buildConfigurations = (
				2E6E21251ADC53DB002E9372 /* Debug */,
				2E6E21261ADC53DB002E9372 /* Release */,
			);
			defaultConfigurationIsVisible = 0;
			defaultConfigurationName = Release;
		};
		2E6E21271ADC53DB002E9372 /* Build configuration list for PBXNativeTarget "laterTests" */ = {
			isa = XCConfigurationList;
			buildConfigurations = (
				2E6E21281ADC53DB002E9372 /* Debug */,
				2E6E21291ADC53DB002E9372 /* Release */,
			);
			defaultConfigurationIsVisible = 0;
			defaultConfigurationName = Release;
		};
/* End XCConfigurationList section */
	};
	rootObject = 2E6E20F91ADC53DB002E9372 /* Project object */;
}
