PODS:
  - AFNetworking (2.5.3):
    - AFNetworking/NSURLConnection (= 2.5.3)
    - AFNetworking/NSURLSession (= 2.5.3)
    - AFNetworking/Reachability (= 2.5.3)
    - AFNetworking/Security (= 2.5.3)
    - AFNetworking/Serialization (= 2.5.3)
    - AFNetworking/UIKit (= 2.5.3)
  - AFNetworking/NSURLConnection (2.5.3):
    - AFNetworking/Reachability
    - AFNetworking/Security
    - AFNetworking/Serialization
  - AFNetworking/NSURLSession (2.5.3):
    - AFNetworking/Reachability
    - AFNetworking/Security
    - AFNetworking/Serialization
  - AFNetworking/Reachability (2.5.3)
  - AFNetworking/Security (2.5.3)
  - AFNetworking/Serialization (2.5.3)
  - AFNetworking/UIKit (2.5.3):
    - AFNetworking/NSURLConnection
    - AFNetworking/NSURLSession
  - DACircularProgress (2.3.1)
  - FXBlurView (1.6.3)
  - InstagramKit (3.5.0):
    - AFNetworking (~> 2.0)
  - Localytics (3.2.0)
  - MMTweenAnimation (1.0):
    - pop
  - PhotoManager (0.1.0)
  - pop (1.0.7)
  - ReactiveCocoa (2.5):
    - ReactiveCocoa/UI (= 2.5)
  - ReactiveCocoa/Core (2.5):
    - ReactiveCocoa/no-arc
  - ReactiveCocoa/no-arc (2.5)
  - ReactiveCocoa/UI (2.5):
    - ReactiveCocoa/Core
  - SimpleExif (0.0.1)

DEPENDENCIES:
  - DACircularProgress
  - FXBlurView
  - InstagramKit (from `../InstagramKit`)
  - Localytics (~> 3.0)
  - MMTweenAnimation
  - PhotoManager (from `../PhotoManager`)
  - pop (from `https://github.com/facebook/pop.git`)
  - ReactiveCocoa
  - SimpleExif

EXTERNAL SOURCES:
  InstagramKit:
    :path: ../InstagramKit
  PhotoManager:
    :path: ../PhotoManager
  pop:
    :git: https://github.com/facebook/pop.git

CHECKOUT OPTIONS:
  pop:
    :commit: 038f29b2de47db3fce803c5a180eee604ebe1977
    :git: https://github.com/facebook/pop.git

SPEC CHECKSUMS:
  AFNetworking: e1d86c2a96bb5d2e7408da36149806706ee122fe
  DACircularProgress: 4dd437c0fc3da5161cb289e07ac449493d41db71
  FXBlurView: c6d23f3d35af2c6282296a2930f61c6e2c788d01
  InstagramKit: 2599ad9b569e989e05eb9c5b5addeae1c0fd886a
  Localytics: fd52bc27e6b6d17df09a64ff77b4efc35eb0bcb8
  MMTweenAnimation: 8fb42db26ba6ffaafe1bb13d2eea529e3ef89625
  PhotoManager: 51264482e64e4249475846534aa4a070a56c73f5
  pop: 628ffc631644601567ee8bfaaaea493ebd7d0923
  ReactiveCocoa: e2db045570aa97c695e7aa97c2bcab222ae51f4a
  SimpleExif: 61ba6dce666641dc4b925d9d26a2694e68ebbf4b

COCOAPODS: 0.36.4
